
Microsoft Visual Studio Solution File, Format Version 12.00
Project("{FAE04EC0-301F-11D3-BF4B-00C04F79EFBC}") = "NLog.Ifttt", "src/NLog.Ifttt/NLog.Ifttt.csproj", "{4AF80518-603B-4F4E-81DF-996F9AA389ED}"
EndProject
Global
	GlobalSection(SolutionConfigurationPlatforms) = preSolution
		Debug|Any CPU = Debug|Any CPU
		Release|Any CPU = Release|Any CPU
	EndGlobalSection
	GlobalSection(ProjectConfigurationPlatforms) = postSolution
		{4AF80518-603B-4F4E-81DF-996F9AA389ED}.Debug|Any CPU.ActiveCfg = Debug|Any CPU
		{4AF80518-603B-4F4E-81DF-996F9AA389ED}.Debug|Any CPU.Build.0 = Debug|Any CPU
		{4AF80518-603B-4F4E-81DF-996F9AA389ED}.Release|Any CPU.ActiveCfg = Release|Any CPU
		{4AF80518-603B-4F4E-81DF-996F9AA389ED}.Release|Any CPU.Build.0 = Release|Any CPU
	EndGlobalSection
EndGlobal
